
Microsoft Visual Studio Solution File, Format Version 12.00
# Visual Studio 2012
Project("{FAE04EC0-301F-11D3-BF4B-00C04F79EFBC}") = "Awful", "Awful\Awful.csproj", "{6A06D663-B59A-474E-B8E2-BADF733C74CD}"
EndProject
Project("{FAE04EC0-301F-11D3-BF4B-00C04F79EFBC}") = "Awful.V2.Core", "Awful.V2.Core\Awful.V2.Core.csproj", "{ABEBBEAA-B77D-4C0E-B01C-35D82B5E5E1C}"
EndProject
Project("{2150E333-8FDC-42A3-9474-1A3956D46DE8}") = ".nuget", ".nuget", "{C06D4CC2-0C7D-48E8-BBAC-01655B7FD255}"
	ProjectSection(SolutionItems) = preProject
		.nuget\NuGet.Config = .nuget\NuGet.Config
		.nuget\NuGet.exe = .nuget\NuGet.exe
		.nuget\NuGet.targets = .nuget\NuGet.targets
	EndProjectSection
EndProject
Global
	GlobalSection(SolutionConfigurationPlatforms) = preSolution
		Debug|Any CPU = Debug|Any CPU
		Release|Any CPU = Release|Any CPU
	EndGlobalSection
	GlobalSection(ProjectConfigurationPlatforms) = postSolution
		{6A06D663-B59A-474E-B8E2-BADF733C74CD}.Debug|Any CPU.ActiveCfg = Debug|Any CPU
		{6A06D663-B59A-474E-B8E2-BADF733C74CD}.Debug|Any CPU.Build.0 = Debug|Any CPU
		{6A06D663-B59A-474E-B8E2-BADF733C74CD}.Debug|Any CPU.Deploy.0 = Debug|Any CPU
		{6A06D663-B59A-474E-B8E2-BADF733C74CD}.Release|Any CPU.ActiveCfg = Release|Any CPU
		{6A06D663-B59A-474E-B8E2-BADF733C74CD}.Release|Any CPU.Build.0 = Release|Any CPU
		{6A06D663-B59A-474E-B8E2-BADF733C74CD}.Release|Any CPU.Deploy.0 = Release|Any CPU
		{ABEBBEAA-B77D-4C0E-B01C-35D82B5E5E1C}.Debug|Any CPU.ActiveCfg = Debug|Any CPU
		{ABEBBEAA-B77D-4C0E-B01C-35D82B5E5E1C}.Debug|Any CPU.Build.0 = Debug|Any CPU
		{ABEBBEAA-B77D-4C0E-B01C-35D82B5E5E1C}.Release|Any CPU.ActiveCfg = Release|Any CPU
		{ABEBBEAA-B77D-4C0E-B01C-35D82B5E5E1C}.Release|Any CPU.Build.0 = Release|Any CPU
	EndGlobalSection
	GlobalSection(SolutionProperties) = preSolution
		HideSolutionNode = FALSE
	EndGlobalSection
EndGlobal
