
Microsoft Visual Studio Solution File, Format Version 12.00
# Visual Studio 2012
Project("{FAE04EC0-301F-11D3-BF4B-00C04F79EFBC}") = "Awful.WinRT", "Awful.WinRT\Awful.WinRT\Awful.WinRT.csproj", "{580FC15A-2A52-4A60-BEE7-395D6330287E}"
EndProject
Project("{FAE04EC0-301F-11D3-BF4B-00C04F79EFBC}") = "Awful.WinRT.Test", "Awful.WinRT\Awful.WinRT.Test\Awful.WinRT.Test.csproj", "{40EB80A4-3A3C-4C68-87D9-8382D27CE398}"
EndProject
Project("{FAE04EC0-301F-11D3-BF4B-00C04F79EFBC}") = "Awful.WP8", "Awful.WP8\Awful.WP8\Awful.WP8.csproj", "{13F62146-607F-4F0D-B2F0-328B9383FBCD}"
EndProject
Project("{FAE04EC0-301F-11D3-BF4B-00C04F79EFBC}") = "Awful.WP7.Core", "Awful.WP7\Awful.WP7.Core\Awful.WP7.Core.csproj", "{CE3F4D7C-B819-4590-9816-C311B8CF8734}"
EndProject
Project("{FAE04EC0-301F-11D3-BF4B-00C04F79EFBC}") = "Awful.WP8.Core", "Awful.WP8\Awful.WP8.Core\Awful.WP8.Core.csproj", "{C516335C-4C39-4BFC-883C-629BE5C4CEC0}"
EndProject
Project("{FAE04EC0-301F-11D3-BF4B-00C04F79EFBC}") = "Awful.WP8.Core.Test", "Awful.WP8\Awful.WP8.Core.Test\Awful.WP8.Core.Test\Awful.WP8.Core.Test.csproj", "{CEE1D468-67A4-48D6-BB25-C039FDF56D34}"
EndProject
Project("{FAE04EC0-301F-11D3-BF4B-00C04F79EFBC}") = "Awful.WP7", "Awful.WP7\Awful.WP7.csproj", "{BB534C92-449E-4310-AD57-7E81072B4378}"
EndProject
Project("{FAE04EC0-301F-11D3-BF4B-00C04F79EFBC}") = "Awful.WinRT.Core", "Awful.WinRT\Awful.WinRT.Core\Awful.WinRT.Core.csproj", "{753EE077-31AD-460A-A4CF-42DBF368D21A}"
EndProject
Global
	GlobalSection(SolutionConfigurationPlatforms) = preSolution
		Debug|Any CPU = Debug|Any CPU
		Debug|ARM = Debug|ARM
		Debug|Mixed Platforms = Debug|Mixed Platforms
		Debug|x64 = Debug|x64
		Debug|x86 = Debug|x86
		Release|Any CPU = Release|Any CPU
		Release|ARM = Release|ARM
		Release|Mixed Platforms = Release|Mixed Platforms
		Release|x64 = Release|x64
		Release|x86 = Release|x86
	EndGlobalSection
	GlobalSection(ProjectConfigurationPlatforms) = postSolution
		{580FC15A-2A52-4A60-BEE7-395D6330287E}.Debug|Any CPU.ActiveCfg = Debug|Any CPU
		{580FC15A-2A52-4A60-BEE7-395D6330287E}.Debug|Any CPU.Build.0 = Debug|Any CPU
		{580FC15A-2A52-4A60-BEE7-395D6330287E}.Debug|Any CPU.Deploy.0 = Debug|Any CPU
		{580FC15A-2A52-4A60-BEE7-395D6330287E}.Debug|ARM.ActiveCfg = Debug|ARM
		{580FC15A-2A52-4A60-BEE7-395D6330287E}.Debug|ARM.Build.0 = Debug|ARM
		{580FC15A-2A52-4A60-BEE7-395D6330287E}.Debug|ARM.Deploy.0 = Debug|ARM
		{580FC15A-2A52-4A60-BEE7-395D6330287E}.Debug|Mixed Platforms.ActiveCfg = Debug|x86
		{580FC15A-2A52-4A60-BEE7-395D6330287E}.Debug|Mixed Platforms.Build.0 = Debug|x86
		{580FC15A-2A52-4A60-BEE7-395D6330287E}.Debug|Mixed Platforms.Deploy.0 = Debug|x86
		{580FC15A-2A52-4A60-BEE7-395D6330287E}.Debug|x64.ActiveCfg = Debug|x64
		{580FC15A-2A52-4A60-BEE7-395D6330287E}.Debug|x64.Build.0 = Debug|x64
		{580FC15A-2A52-4A60-BEE7-395D6330287E}.Debug|x64.Deploy.0 = Debug|x64
		{580FC15A-2A52-4A60-BEE7-395D6330287E}.Debug|x86.ActiveCfg = Debug|x86
		{580FC15A-2A52-4A60-BEE7-395D6330287E}.Debug|x86.Build.0 = Debug|x86
		{580FC15A-2A52-4A60-BEE7-395D6330287E}.Debug|x86.Deploy.0 = Debug|x86
		{580FC15A-2A52-4A60-BEE7-395D6330287E}.Release|Any CPU.ActiveCfg = Release|Any CPU
		{580FC15A-2A52-4A60-BEE7-395D6330287E}.Release|Any CPU.Build.0 = Release|Any CPU
		{580FC15A-2A52-4A60-BEE7-395D6330287E}.Release|Any CPU.Deploy.0 = Release|Any CPU
		{580FC15A-2A52-4A60-BEE7-395D6330287E}.Release|ARM.ActiveCfg = Release|ARM
		{580FC15A-2A52-4A60-BEE7-395D6330287E}.Release|ARM.Build.0 = Release|ARM
		{580FC15A-2A52-4A60-BEE7-395D6330287E}.Release|ARM.Deploy.0 = Release|ARM
		{580FC15A-2A52-4A60-BEE7-395D6330287E}.Release|Mixed Platforms.ActiveCfg = Release|x86
		{580FC15A-2A52-4A60-BEE7-395D6330287E}.Release|Mixed Platforms.Build.0 = Release|x86
		{580FC15A-2A52-4A60-BEE7-395D6330287E}.Release|Mixed Platforms.Deploy.0 = Release|x86
		{580FC15A-2A52-4A60-BEE7-395D6330287E}.Release|x64.ActiveCfg = Release|x64
		{580FC15A-2A52-4A60-BEE7-395D6330287E}.Release|x64.Build.0 = Release|x64
		{580FC15A-2A52-4A60-BEE7-395D6330287E}.Release|x64.Deploy.0 = Release|x64
		{580FC15A-2A52-4A60-BEE7-395D6330287E}.Release|x86.ActiveCfg = Release|x86
		{580FC15A-2A52-4A60-BEE7-395D6330287E}.Release|x86.Build.0 = Release|x86
		{580FC15A-2A52-4A60-BEE7-395D6330287E}.Release|x86.Deploy.0 = Release|x86
		{40EB80A4-3A3C-4C68-87D9-8382D27CE398}.Debug|Any CPU.ActiveCfg = Debug|Any CPU
		{40EB80A4-3A3C-4C68-87D9-8382D27CE398}.Debug|Any CPU.Build.0 = Debug|Any CPU
		{40EB80A4-3A3C-4C68-87D9-8382D27CE398}.Debug|Any CPU.Deploy.0 = Debug|Any CPU
		{40EB80A4-3A3C-4C68-87D9-8382D27CE398}.Debug|ARM.ActiveCfg = Debug|ARM
		{40EB80A4-3A3C-4C68-87D9-8382D27CE398}.Debug|ARM.Build.0 = Debug|ARM
		{40EB80A4-3A3C-4C68-87D9-8382D27CE398}.Debug|ARM.Deploy.0 = Debug|ARM
		{40EB80A4-3A3C-4C68-87D9-8382D27CE398}.Debug|Mixed Platforms.ActiveCfg = Debug|x86
		{40EB80A4-3A3C-4C68-87D9-8382D27CE398}.Debug|Mixed Platforms.Build.0 = Debug|x86
		{40EB80A4-3A3C-4C68-87D9-8382D27CE398}.Debug|Mixed Platforms.Deploy.0 = Debug|x86
		{40EB80A4-3A3C-4C68-87D9-8382D27CE398}.Debug|x64.ActiveCfg = Debug|x64
		{40EB80A4-3A3C-4C68-87D9-8382D27CE398}.Debug|x64.Build.0 = Debug|x64
		{40EB80A4-3A3C-4C68-87D9-8382D27CE398}.Debug|x64.Deploy.0 = Debug|x64
		{40EB80A4-3A3C-4C68-87D9-8382D27CE398}.Debug|x86.ActiveCfg = Debug|x86
		{40EB80A4-3A3C-4C68-87D9-8382D27CE398}.Debug|x86.Build.0 = Debug|x86
		{40EB80A4-3A3C-4C68-87D9-8382D27CE398}.Debug|x86.Deploy.0 = Debug|x86
		{40EB80A4-3A3C-4C68-87D9-8382D27CE398}.Release|Any CPU.ActiveCfg = Release|Any CPU
		{40EB80A4-3A3C-4C68-87D9-8382D27CE398}.Release|Any CPU.Build.0 = Release|Any CPU
		{40EB80A4-3A3C-4C68-87D9-8382D27CE398}.Release|Any CPU.Deploy.0 = Release|Any CPU
		{40EB80A4-3A3C-4C68-87D9-8382D27CE398}.Release|ARM.ActiveCfg = Release|ARM
		{40EB80A4-3A3C-4C68-87D9-8382D27CE398}.Release|ARM.Build.0 = Release|ARM
		{40EB80A4-3A3C-4C68-87D9-8382D27CE398}.Release|ARM.Deploy.0 = Release|ARM
		{40EB80A4-3A3C-4C68-87D9-8382D27CE398}.Release|Mixed Platforms.ActiveCfg = Release|x86
		{40EB80A4-3A3C-4C68-87D9-8382D27CE398}.Release|Mixed Platforms.Build.0 = Release|x86
		{40EB80A4-3A3C-4C68-87D9-8382D27CE398}.Release|Mixed Platforms.Deploy.0 = Release|x86
		{40EB80A4-3A3C-4C68-87D9-8382D27CE398}.Release|x64.ActiveCfg = Release|x64
		{40EB80A4-3A3C-4C68-87D9-8382D27CE398}.Release|x64.Build.0 = Release|x64
		{40EB80A4-3A3C-4C68-87D9-8382D27CE398}.Release|x64.Deploy.0 = Release|x64
		{40EB80A4-3A3C-4C68-87D9-8382D27CE398}.Release|x86.ActiveCfg = Release|x86
		{40EB80A4-3A3C-4C68-87D9-8382D27CE398}.Release|x86.Build.0 = Release|x86
		{40EB80A4-3A3C-4C68-87D9-8382D27CE398}.Release|x86.Deploy.0 = Release|x86
		{13F62146-607F-4F0D-B2F0-328B9383FBCD}.Debug|Any CPU.ActiveCfg = Debug|Any CPU
		{13F62146-607F-4F0D-B2F0-328B9383FBCD}.Debug|Any CPU.Build.0 = Debug|Any CPU
		{13F62146-607F-4F0D-B2F0-328B9383FBCD}.Debug|Any CPU.Deploy.0 = Debug|Any CPU
		{13F62146-607F-4F0D-B2F0-328B9383FBCD}.Debug|ARM.ActiveCfg = Debug|ARM
		{13F62146-607F-4F0D-B2F0-328B9383FBCD}.Debug|ARM.Build.0 = Debug|ARM
		{13F62146-607F-4F0D-B2F0-328B9383FBCD}.Debug|ARM.Deploy.0 = Debug|ARM
		{13F62146-607F-4F0D-B2F0-328B9383FBCD}.Debug|Mixed Platforms.ActiveCfg = Debug|x86
		{13F62146-607F-4F0D-B2F0-328B9383FBCD}.Debug|Mixed Platforms.Build.0 = Debug|x86
		{13F62146-607F-4F0D-B2F0-328B9383FBCD}.Debug|Mixed Platforms.Deploy.0 = Debug|x86
		{13F62146-607F-4F0D-B2F0-328B9383FBCD}.Debug|x64.ActiveCfg = Debug|Any CPU
		{13F62146-607F-4F0D-B2F0-328B9383FBCD}.Debug|x86.ActiveCfg = Debug|x86
		{13F62146-607F-4F0D-B2F0-328B9383FBCD}.Debug|x86.Build.0 = Debug|x86
		{13F62146-607F-4F0D-B2F0-328B9383FBCD}.Debug|x86.Deploy.0 = Debug|x86
		{13F62146-607F-4F0D-B2F0-328B9383FBCD}.Release|Any CPU.ActiveCfg = Release|Any CPU
		{13F62146-607F-4F0D-B2F0-328B9383FBCD}.Release|Any CPU.Build.0 = Release|Any CPU
		{13F62146-607F-4F0D-B2F0-328B9383FBCD}.Release|Any CPU.Deploy.0 = Release|Any CPU
		{13F62146-607F-4F0D-B2F0-328B9383FBCD}.Release|ARM.ActiveCfg = Release|ARM
		{13F62146-607F-4F0D-B2F0-328B9383FBCD}.Release|ARM.Build.0 = Release|ARM
		{13F62146-607F-4F0D-B2F0-328B9383FBCD}.Release|ARM.Deploy.0 = Release|ARM
		{13F62146-607F-4F0D-B2F0-328B9383FBCD}.Release|Mixed Platforms.ActiveCfg = Release|x86
		{13F62146-607F-4F0D-B2F0-328B9383FBCD}.Release|Mixed Platforms.Build.0 = Release|x86
		{13F62146-607F-4F0D-B2F0-328B9383FBCD}.Release|Mixed Platforms.Deploy.0 = Release|x86
		{13F62146-607F-4F0D-B2F0-328B9383FBCD}.Release|x64.ActiveCfg = Release|Any CPU
		{13F62146-607F-4F0D-B2F0-328B9383FBCD}.Release|x86.ActiveCfg = Release|x86
		{13F62146-607F-4F0D-B2F0-328B9383FBCD}.Release|x86.Build.0 = Release|x86
		{13F62146-607F-4F0D-B2F0-328B9383FBCD}.Release|x86.Deploy.0 = Release|x86
		{CE3F4D7C-B819-4590-9816-C311B8CF8734}.Debug|Any CPU.ActiveCfg = Debug|Any CPU
		{CE3F4D7C-B819-4590-9816-C311B8CF8734}.Debug|Any CPU.Build.0 = Debug|Any CPU
		{CE3F4D7C-B819-4590-9816-C311B8CF8734}.Debug|ARM.ActiveCfg = Debug|Any CPU
		{CE3F4D7C-B819-4590-9816-C311B8CF8734}.Debug|Mixed Platforms.ActiveCfg = Debug|Any CPU
		{CE3F4D7C-B819-4590-9816-C311B8CF8734}.Debug|Mixed Platforms.Build.0 = Debug|Any CPU
		{CE3F4D7C-B819-4590-9816-C311B8CF8734}.Debug|x64.ActiveCfg = Debug|Any CPU
		{CE3F4D7C-B819-4590-9816-C311B8CF8734}.Debug|x86.ActiveCfg = Debug|Any CPU
		{CE3F4D7C-B819-4590-9816-C311B8CF8734}.Release|Any CPU.ActiveCfg = Release|Any CPU
		{CE3F4D7C-B819-4590-9816-C311B8CF8734}.Release|Any CPU.Build.0 = Release|Any CPU
		{CE3F4D7C-B819-4590-9816-C311B8CF8734}.Release|ARM.ActiveCfg = Release|Any CPU
		{CE3F4D7C-B819-4590-9816-C311B8CF8734}.Release|Mixed Platforms.ActiveCfg = Release|Any CPU
		{CE3F4D7C-B819-4590-9816-C311B8CF8734}.Release|Mixed Platforms.Build.0 = Release|Any CPU
		{CE3F4D7C-B819-4590-9816-C311B8CF8734}.Release|x64.ActiveCfg = Release|Any CPU
		{CE3F4D7C-B819-4590-9816-C311B8CF8734}.Release|x86.ActiveCfg = Release|Any CPU
		{C516335C-4C39-4BFC-883C-629BE5C4CEC0}.Debug|Any CPU.ActiveCfg = Debug|Any CPU
		{C516335C-4C39-4BFC-883C-629BE5C4CEC0}.Debug|Any CPU.Build.0 = Debug|Any CPU
		{C516335C-4C39-4BFC-883C-629BE5C4CEC0}.Debug|ARM.ActiveCfg = Debug|ARM
		{C516335C-4C39-4BFC-883C-629BE5C4CEC0}.Debug|ARM.Build.0 = Debug|ARM
		{C516335C-4C39-4BFC-883C-629BE5C4CEC0}.Debug|Mixed Platforms.ActiveCfg = Debug|x86
		{C516335C-4C39-4BFC-883C-629BE5C4CEC0}.Debug|Mixed Platforms.Build.0 = Debug|x86
		{C516335C-4C39-4BFC-883C-629BE5C4CEC0}.Debug|x64.ActiveCfg = Debug|Any CPU
		{C516335C-4C39-4BFC-883C-629BE5C4CEC0}.Debug|x86.ActiveCfg = Debug|x86
		{C516335C-4C39-4BFC-883C-629BE5C4CEC0}.Debug|x86.Build.0 = Debug|x86
		{C516335C-4C39-4BFC-883C-629BE5C4CEC0}.Release|Any CPU.ActiveCfg = Release|Any CPU
		{C516335C-4C39-4BFC-883C-629BE5C4CEC0}.Release|Any CPU.Build.0 = Release|Any CPU
		{C516335C-4C39-4BFC-883C-629BE5C4CEC0}.Release|ARM.ActiveCfg = Release|ARM
		{C516335C-4C39-4BFC-883C-629BE5C4CEC0}.Release|ARM.Build.0 = Release|ARM
		{C516335C-4C39-4BFC-883C-629BE5C4CEC0}.Release|Mixed Platforms.ActiveCfg = Release|x86
		{C516335C-4C39-4BFC-883C-629BE5C4CEC0}.Release|Mixed Platforms.Build.0 = Release|x86
		{C516335C-4C39-4BFC-883C-629BE5C4CEC0}.Release|x64.ActiveCfg = Release|Any CPU
		{C516335C-4C39-4BFC-883C-629BE5C4CEC0}.Release|x86.ActiveCfg = Release|x86
		{C516335C-4C39-4BFC-883C-629BE5C4CEC0}.Release|x86.Build.0 = Release|x86
		{CEE1D468-67A4-48D6-BB25-C039FDF56D34}.Debug|Any CPU.ActiveCfg = Debug|x86
		{CEE1D468-67A4-48D6-BB25-C039FDF56D34}.Debug|ARM.ActiveCfg = Debug|ARM
		{CEE1D468-67A4-48D6-BB25-C039FDF56D34}.Debug|ARM.Build.0 = Debug|ARM
		{CEE1D468-67A4-48D6-BB25-C039FDF56D34}.Debug|ARM.Deploy.0 = Debug|ARM
		{CEE1D468-67A4-48D6-BB25-C039FDF56D34}.Debug|Mixed Platforms.ActiveCfg = Debug|x86
		{CEE1D468-67A4-48D6-BB25-C039FDF56D34}.Debug|Mixed Platforms.Build.0 = Debug|x86
		{CEE1D468-67A4-48D6-BB25-C039FDF56D34}.Debug|Mixed Platforms.Deploy.0 = Debug|x86
		{CEE1D468-67A4-48D6-BB25-C039FDF56D34}.Debug|x64.ActiveCfg = Debug|x86
		{CEE1D468-67A4-48D6-BB25-C039FDF56D34}.Debug|x86.ActiveCfg = Debug|x86
		{CEE1D468-67A4-48D6-BB25-C039FDF56D34}.Debug|x86.Build.0 = Debug|x86
		{CEE1D468-67A4-48D6-BB25-C039FDF56D34}.Debug|x86.Deploy.0 = Debug|x86
		{CEE1D468-67A4-48D6-BB25-C039FDF56D34}.Release|Any CPU.ActiveCfg = Release|x86
		{CEE1D468-67A4-48D6-BB25-C039FDF56D34}.Release|ARM.ActiveCfg = Release|ARM
		{CEE1D468-67A4-48D6-BB25-C039FDF56D34}.Release|ARM.Build.0 = Release|ARM
		{CEE1D468-67A4-48D6-BB25-C039FDF56D34}.Release|ARM.Deploy.0 = Release|ARM
		{CEE1D468-67A4-48D6-BB25-C039FDF56D34}.Release|Mixed Platforms.ActiveCfg = Release|x86
		{CEE1D468-67A4-48D6-BB25-C039FDF56D34}.Release|Mixed Platforms.Build.0 = Release|x86
		{CEE1D468-67A4-48D6-BB25-C039FDF56D34}.Release|Mixed Platforms.Deploy.0 = Release|x86
		{CEE1D468-67A4-48D6-BB25-C039FDF56D34}.Release|x64.ActiveCfg = Release|x86
		{CEE1D468-67A4-48D6-BB25-C039FDF56D34}.Release|x86.ActiveCfg = Release|x86
		{CEE1D468-67A4-48D6-BB25-C039FDF56D34}.Release|x86.Build.0 = Release|x86
		{CEE1D468-67A4-48D6-BB25-C039FDF56D34}.Release|x86.Deploy.0 = Release|x86
		{BB534C92-449E-4310-AD57-7E81072B4378}.Debug|Any CPU.ActiveCfg = Debug|Any CPU
		{BB534C92-449E-4310-AD57-7E81072B4378}.Debug|Any CPU.Build.0 = Debug|Any CPU
		{BB534C92-449E-4310-AD57-7E81072B4378}.Debug|Any CPU.Deploy.0 = Debug|Any CPU
		{BB534C92-449E-4310-AD57-7E81072B4378}.Debug|ARM.ActiveCfg = Debug|Any CPU
		{BB534C92-449E-4310-AD57-7E81072B4378}.Debug|Mixed Platforms.ActiveCfg = Debug|Any CPU
		{BB534C92-449E-4310-AD57-7E81072B4378}.Debug|Mixed Platforms.Build.0 = Debug|Any CPU
		{BB534C92-449E-4310-AD57-7E81072B4378}.Debug|Mixed Platforms.Deploy.0 = Debug|Any CPU
		{BB534C92-449E-4310-AD57-7E81072B4378}.Debug|x64.ActiveCfg = Debug|Any CPU
		{BB534C92-449E-4310-AD57-7E81072B4378}.Debug|x86.ActiveCfg = Debug|Any CPU
		{BB534C92-449E-4310-AD57-7E81072B4378}.Release|Any CPU.ActiveCfg = Release|Any CPU
		{BB534C92-449E-4310-AD57-7E81072B4378}.Release|Any CPU.Build.0 = Release|Any CPU
		{BB534C92-449E-4310-AD57-7E81072B4378}.Release|Any CPU.Deploy.0 = Release|Any CPU
		{BB534C92-449E-4310-AD57-7E81072B4378}.Release|ARM.ActiveCfg = Release|Any CPU
		{BB534C92-449E-4310-AD57-7E81072B4378}.Release|Mixed Platforms.ActiveCfg = Release|Any CPU
		{BB534C92-449E-4310-AD57-7E81072B4378}.Release|Mixed Platforms.Build.0 = Release|Any CPU
		{BB534C92-449E-4310-AD57-7E81072B4378}.Release|Mixed Platforms.Deploy.0 = Release|Any CPU
		{BB534C92-449E-4310-AD57-7E81072B4378}.Release|x64.ActiveCfg = Release|Any CPU
		{BB534C92-449E-4310-AD57-7E81072B4378}.Release|x86.ActiveCfg = Release|Any CPU
		{753EE077-31AD-460A-A4CF-42DBF368D21A}.Debug|Any CPU.ActiveCfg = Debug|Any CPU
		{753EE077-31AD-460A-A4CF-42DBF368D21A}.Debug|Any CPU.Build.0 = Debug|Any CPU
		{753EE077-31AD-460A-A4CF-42DBF368D21A}.Debug|ARM.ActiveCfg = Debug|ARM
		{753EE077-31AD-460A-A4CF-42DBF368D21A}.Debug|ARM.Build.0 = Debug|ARM
		{753EE077-31AD-460A-A4CF-42DBF368D21A}.Debug|Mixed Platforms.ActiveCfg = Debug|x86
		{753EE077-31AD-460A-A4CF-42DBF368D21A}.Debug|Mixed Platforms.Build.0 = Debug|x86
		{753EE077-31AD-460A-A4CF-42DBF368D21A}.Debug|x64.ActiveCfg = Debug|x64
		{753EE077-31AD-460A-A4CF-42DBF368D21A}.Debug|x64.Build.0 = Debug|x64
		{753EE077-31AD-460A-A4CF-42DBF368D21A}.Debug|x86.ActiveCfg = Debug|x86
		{753EE077-31AD-460A-A4CF-42DBF368D21A}.Debug|x86.Build.0 = Debug|x86
		{753EE077-31AD-460A-A4CF-42DBF368D21A}.Release|Any CPU.ActiveCfg = Release|Any CPU
		{753EE077-31AD-460A-A4CF-42DBF368D21A}.Release|Any CPU.Build.0 = Release|Any CPU
		{753EE077-31AD-460A-A4CF-42DBF368D21A}.Release|ARM.ActiveCfg = Release|ARM
		{753EE077-31AD-460A-A4CF-42DBF368D21A}.Release|ARM.Build.0 = Release|ARM
		{753EE077-31AD-460A-A4CF-42DBF368D21A}.Release|Mixed Platforms.ActiveCfg = Release|x86
		{753EE077-31AD-460A-A4CF-42DBF368D21A}.Release|Mixed Platforms.Build.0 = Release|x86
		{753EE077-31AD-460A-A4CF-42DBF368D21A}.Release|x64.ActiveCfg = Release|x64
		{753EE077-31AD-460A-A4CF-42DBF368D21A}.Release|x64.Build.0 = Release|x64
		{753EE077-31AD-460A-A4CF-42DBF368D21A}.Release|x86.ActiveCfg = Release|x86
		{753EE077-31AD-460A-A4CF-42DBF368D21A}.Release|x86.Build.0 = Release|x86
	EndGlobalSection
	GlobalSection(SolutionProperties) = preSolution
		HideSolutionNode = FALSE
	EndGlobalSection
EndGlobal
