
Microsoft Visual Studio Solution File, Format Version 12.00
# Visual Studio 2012
Project("{FAE04EC0-301F-11D3-BF4B-00C04F79EFBC}") = "Awful.V2.Core", "Awful.V2.Core\Awful.V2.Core.csproj", "{CE3F4D7C-B819-4590-9816-C311B8CF8734}"
EndProject
Project("{FAE04EC0-301F-11D3-BF4B-00C04F79EFBC}") = "Awful.WP7.Controls", "Awful.WP7.Controls\Awful.WP7.Controls.csproj", "{122D9D3A-AB78-48B1-8DF2-A73CB3658F83}"
EndProject
Project("{FAE04EC0-301F-11D3-BF4B-00C04F79EFBC}") = "Awful.WP7", "Awful.WP7\Awful.WP7.csproj", "{BB534C92-449E-4310-AD57-7E81072B4378}"
EndProject
Global
	GlobalSection(SolutionConfigurationPlatforms) = preSolution
		Debug|Any CPU = Debug|Any CPU
		Release|Any CPU = Release|Any CPU
	EndGlobalSection
	GlobalSection(ProjectConfigurationPlatforms) = postSolution
		{CE3F4D7C-B819-4590-9816-C311B8CF8734}.Debug|Any CPU.ActiveCfg = Debug|Any CPU
		{CE3F4D7C-B819-4590-9816-C311B8CF8734}.Debug|Any CPU.Build.0 = Debug|Any CPU
		{CE3F4D7C-B819-4590-9816-C311B8CF8734}.Release|Any CPU.ActiveCfg = Release|Any CPU
		{CE3F4D7C-B819-4590-9816-C311B8CF8734}.Release|Any CPU.Build.0 = Release|Any CPU
		{122D9D3A-AB78-48B1-8DF2-A73CB3658F83}.Debug|Any CPU.ActiveCfg = Debug|Any CPU
		{122D9D3A-AB78-48B1-8DF2-A73CB3658F83}.Debug|Any CPU.Build.0 = Debug|Any CPU
		{122D9D3A-AB78-48B1-8DF2-A73CB3658F83}.Release|Any CPU.ActiveCfg = Release|Any CPU
		{122D9D3A-AB78-48B1-8DF2-A73CB3658F83}.Release|Any CPU.Build.0 = Release|Any CPU
		{BB534C92-449E-4310-AD57-7E81072B4378}.Debug|Any CPU.ActiveCfg = Debug|Any CPU
		{BB534C92-449E-4310-AD57-7E81072B4378}.Debug|Any CPU.Build.0 = Debug|Any CPU
		{BB534C92-449E-4310-AD57-7E81072B4378}.Debug|Any CPU.Deploy.0 = Debug|Any CPU
		{BB534C92-449E-4310-AD57-7E81072B4378}.Release|Any CPU.ActiveCfg = Release|Any CPU
		{BB534C92-449E-4310-AD57-7E81072B4378}.Release|Any CPU.Build.0 = Release|Any CPU
		{BB534C92-449E-4310-AD57-7E81072B4378}.Release|Any CPU.Deploy.0 = Release|Any CPU
	EndGlobalSection
	GlobalSection(SolutionProperties) = preSolution
		HideSolutionNode = FALSE
	EndGlobalSection
EndGlobal
