
Microsoft Visual Studio Solution File, Format Version 11.00
# Visual Studio 2010 Express for Windows Phone
Project("{FAE04EC0-301F-11D3-BF4B-00C04F79EFBC}") = "Awful.V2.Core", "Awful.V2.Core\Awful.V2.Core.csproj", "{ABEBBEAA-B77D-4C0E-B01C-35D82B5E5E1C}"
EndProject
Global
	GlobalSection(SolutionConfigurationPlatforms) = preSolution
		Debug|Any CPU = Debug|Any CPU
		Release|Any CPU = Release|Any CPU
	EndGlobalSection
	GlobalSection(ProjectConfigurationPlatforms) = postSolution
		{ABEBBEAA-B77D-4C0E-B01C-35D82B5E5E1C}.Debug|Any CPU.ActiveCfg = Debug|Any CPU
		{ABEBBEAA-B77D-4C0E-B01C-35D82B5E5E1C}.Debug|Any CPU.Build.0 = Debug|Any CPU
		{ABEBBEAA-B77D-4C0E-B01C-35D82B5E5E1C}.Release|Any CPU.ActiveCfg = Release|Any CPU
		{ABEBBEAA-B77D-4C0E-B01C-35D82B5E5E1C}.Release|Any CPU.Build.0 = Release|Any CPU
	EndGlobalSection
	GlobalSection(SolutionProperties) = preSolution
		HideSolutionNode = FALSE
	EndGlobalSection
EndGlobal
